<?xml version="1.0" encoding="utf-8"?>
<Project ToolsVersion="4.0" xmlns="http://schemas.microsoft.com/developer/msbuild/2003">
  <ItemGroup>
    <Filter Include="Source Files">
      <UniqueIdentifier>{4FC737F1-C7A5-4376-A066-2A32D752A2FF}</UniqueIdentifier>
      <Extensions>cpp;c;cc;cxx;def;odl;idl;hpj;bat;asm;asmx</Extensions>
    </Filter>
    <Filter Include="Header Files">
      <UniqueIdentifier>{93995380-89BD-4b04-88EB-625FBE52EBFB}</UniqueIdentifier>
      <Extensions>h;hh;hpp;hxx;hm;inl;inc;ipp;xsd</Extensions>
    </Filter>
    <Filter Include="Resource Files">
      <UniqueIdentifier>{67DA6AB6-F800-4c08-8B7A-83BB121AAD01}</UniqueIdentifier>
      <Extensions>rc;ico;cur;bmp;dlg;rc2;rct;bin;rgs;gif;jpg;jpeg;jpe;resx;tiff;tif;png;wav;mfcribbon-ms</Extensions>
    </Filter>
    <Filter Include="Header Files\utilities">
      <UniqueIdentifier>{4d6a8410-5ca7-4743-9b2a-5b8cc7720a34}</UniqueIdentifier>
    </Filter>
    <Filter Include="Source Files\utilities">
      <UniqueIdentifier>{461e692c-e492-44cf-b395-5d3c680adba9}</UniqueIdentifier>
    </Filter>
    <Filter Include="Header Files\input">
      <UniqueIdentifier>{ab4ea3c1-0cea-4fb3-ad0e-05a81a09c47f}</UniqueIdentifier>
    </Filter>
    <Filter Include="Source Files\input">
      <UniqueIdentifier>{350ae059-73e3-4bfb-982f-5fb914ad8c9e}</UniqueIdentifier>
    </Filter>
    <Filter Include="Header Files\math">
      <UniqueIdentifier>{0fd89e43-9c6c-42b0-8043-2bafb5689489}</UniqueIdentifier>
    </Filter>
    <Filter Include="Source Files\math">
      <UniqueIdentifier>{e891dbf2-0f40-4292-b548-1512252804a7}</UniqueIdentifier>
    </Filter>
    <Filter Include="Header Files\graphics">
      <UniqueIdentifier>{d36cda6c-9ea1-4bb7-88c8-62428a750c7a}</UniqueIdentifier>
    </Filter>
    <Filter Include="Source Files\graphics">
      <UniqueIdentifier>{fb05b667-dceb-4458-af16-c5c4e66e6987}</UniqueIdentifier>
    </Filter>
    <Filter Include="Source Files\system">
      <UniqueIdentifier>{6cc71e79-dc58-479a-afe3-135cfeeb955f}</UniqueIdentifier>
    </Filter>
    <Filter Include="Header Files\system">
      <UniqueIdentifier>{21f28631-a6dc-40f3-b4c6-6aa1222b6f00}</UniqueIdentifier>
    </Filter>
    <Filter Include="Header Files\component">
      <UniqueIdentifier>{9654515c-34c1-4d16-9c49-d39ddded73d4}</UniqueIdentifier>
    </Filter>
    <Filter Include="Source Files\component">
      <UniqueIdentifier>{cfcb1869-1c46-4dd1-9906-913ca6735bc2}</UniqueIdentifier>
    </Filter>
    <Filter Include="Source Files\visitor">
      <UniqueIdentifier>{b374d28e-4cf3-47f3-9d95-48c9d3711cdb}</UniqueIdentifier>
    </Filter>
    <Filter Include="Header Files\visitor">
      <UniqueIdentifier>{690c305a-87d5-4d9c-9589-d0eccb12ed27}</UniqueIdentifier>
    </Filter>
  </ItemGroup>
  <ItemGroup>
    <ClInclude Include="src\stdafx.h">
      <Filter>Header Files</Filter>
    </ClInclude>
    <ClInclude Include="src\Game.h">
      <Filter>Header Files</Filter>
    </ClInclude>
    <ClInclude Include="src\Registry.h">
      <Filter>Header Files</Filter>
    </ClInclude>
    <ClInclude Include="src\utilities\Console.h">
      <Filter>Header Files\utilities</Filter>
    </ClInclude>
    <ClInclude Include="src\utilities\Time.h">
      <Filter>Header Files\utilities</Filter>
    </ClInclude>
    <ClInclude Include="src\input\Keyhandler.h">
      <Filter>Header Files\input</Filter>
    </ClInclude>
    <ClInclude Include="src\math\Vector2.h">
      <Filter>Header Files\math</Filter>
    </ClInclude>
    <ClInclude Include="src\input\Mousehandler.h">
      <Filter>Header Files\input</Filter>
    </ClInclude>
    <ClInclude Include="src\graphics\Window.h">
      <Filter>Header Files\graphics</Filter>
    </ClInclude>
    <ClInclude Include="src\system\BaseSystem.h">
      <Filter>Header Files\system</Filter>
    </ClInclude>
    <ClInclude Include="src\component\Location.h">
      <Filter>Header Files\component</Filter>
    </ClInclude>
    <ClInclude Include="src\component\Dimensions.h">
      <Filter>Header Files\component</Filter>
    </ClInclude>
    <ClInclude Include="src\component\Motion.h">
      <Filter>Header Files\component</Filter>
    </ClInclude>
    <ClInclude Include="src\system\RenderSystem.h">
      <Filter>Header Files\system</Filter>
    </ClInclude>
    <ClInclude Include="src\component\RenderRect.h">
      <Filter>Header Files\component</Filter>
    </ClInclude>
    <ClInclude Include="src\component\Camera.h">
      <Filter>Header Files\component</Filter>
    </ClInclude>
    <ClInclude Include="src\system\CameraFollowSystem.h">
      <Filter>Header Files\system</Filter>
    </ClInclude>
    <ClInclude Include="src\system\MotionSystem.h">
      <Filter>Header Files\system</Filter>
    </ClInclude>
    <ClInclude Include="src\system\ControlSystem.h">
      <Filter>Header Files\system</Filter>
    </ClInclude>
    <ClInclude Include="src\component\Input.h">
      <Filter>Header Files\component</Filter>
    </ClInclude>
    <ClInclude Include="src\component\RenderWorld.h">
      <Filter>Header Files\component</Filter>
    </ClInclude>
    <ClInclude Include="src\system\RenderWorldSystem.h">
      <Filter>Header Files\system</Filter>
    </ClInclude>
    <ClInclude Include="src\math\Math.h">
      <Filter>Header Files\math</Filter>
    </ClInclude>
    <ClInclude Include="src\visitor\RenderFillVisitor.h">
      <Filter>Header Files\visitor</Filter>
    </ClInclude>
    <ClInclude Include="src\component\Projectile.h">
      <Filter>Header Files\component</Filter>
    </ClInclude>
    <ClInclude Include="src\system\BulletSystem.h">
      <Filter>Header Files\system</Filter>
    </ClInclude>
    <ClInclude Include="src\system\WorkerSystem.h">
      <Filter>Header Files\system</Filter>
    </ClInclude>
    <ClInclude Include="src\component\Worker.h">
      <Filter>Header Files\component</Filter>
    </ClInclude>
  </ItemGroup>
  <ItemGroup>
    <ClCompile Include="src\main.cpp">
      <Filter>Source Files</Filter>
    </ClCompile>
    <ClCompile Include="src\stdafx.cpp">
      <Filter>Source Files</Filter>
    </ClCompile>
    <ClCompile Include="src\Registry.cpp">
      <Filter>Source Files</Filter>
    </ClCompile>
    <ClCompile Include="src\utilities\Console.cpp">
      <Filter>Source Files\utilities</Filter>
    </ClCompile>
    <ClCompile Include="src\utilities\Time.cpp">
      <Filter>Source Files\utilities</Filter>
    </ClCompile>
    <ClCompile Include="src\input\Keyhandler.cpp">
      <Filter>Source Files\input</Filter>
    </ClCompile>
    <ClCompile Include="src\math\Vector2.cpp">
      <Filter>Source Files\math</Filter>
    </ClCompile>
    <ClCompile Include="src\input\Mousehandler.cpp">
      <Filter>Source Files\input</Filter>
    </ClCompile>
    <ClCompile Include="src\graphics\Window.cpp">
      <Filter>Source Files\graphics</Filter>
    </ClCompile>
    <ClCompile Include="src\system\BaseSystem.cpp">
      <Filter>Source Files\system</Filter>
    </ClCompile>
    <ClCompile Include="src\component\Location.cpp">
      <Filter>Source Files\component</Filter>
    </ClCompile>
    <ClCompile Include="src\component\Dimensions.cpp">
      <Filter>Source Files\component</Filter>
    </ClCompile>
    <ClCompile Include="src\component\Motion.cpp">
      <Filter>Source Files\component</Filter>
    </ClCompile>
    <ClCompile Include="src\system\RenderSystem.cpp">
      <Filter>Source Files\system</Filter>
    </ClCompile>
    <ClCompile Include="src\component\RenderRect.cpp">
      <Filter>Source Files\component</Filter>
    </ClCompile>
    <ClCompile Include="src\component\Camera.cpp">
      <Filter>Source Files\component</Filter>
    </ClCompile>
    <ClCompile Include="src\system\CameraFollowSystem.cpp">
      <Filter>Source Files\system</Filter>
    </ClCompile>
    <ClCompile Include="src\system\MotionSystem.cpp">
      <Filter>Source Files\system</Filter>
    </ClCompile>
    <ClCompile Include="src\Game.cpp">
      <Filter>Source Files</Filter>
    </ClCompile>
    <ClCompile Include="src\system\ControlSystem.cpp">
      <Filter>Source Files\system</Filter>
    </ClCompile>
    <ClCompile Include="src\component\Input.cpp">
      <Filter>Source Files\component</Filter>
    </ClCompile>
    <ClCompile Include="src\system\RenderWorldSystem.cpp">
      <Filter>Source Files\system</Filter>
    </ClCompile>
    <ClCompile Include="src\component\RenderWorld.cpp">
      <Filter>Source Files\component</Filter>
    </ClCompile>
    <ClCompile Include="src\math\Math.cpp">
      <Filter>Source Files\math</Filter>
    </ClCompile>
    <ClCompile Include="src\visitor\RenderFillVisitor.cpp">
      <Filter>Source Files\visitor</Filter>
    </ClCompile>
    <ClCompile Include="src\component\Projectile.cpp">
      <Filter>Source Files\component</Filter>
    </ClCompile>
    <ClCompile Include="src\system\BulletSystem.cpp">
      <Filter>Source Files\system</Filter>
    </ClCompile>
    <ClCompile Include="src\system\WorkerSystem.cpp">
      <Filter>Source Files\system</Filter>
    </ClCompile>
    <ClCompile Include="src\component\Worker.cpp">
      <Filter>Source Files\component</Filter>
    </ClCompile>
  </ItemGroup>
  <ItemGroup>
    <Image Include="res\space-floor.jpg">
      <Filter>Resource Files</Filter>
    </Image>
    <Image Include="res\space-corridor-down.png">
      <Filter>Resource Files</Filter>
    </Image>
    <Image Include="res\space-corridor-right.png">
      <Filter>Resource Files</Filter>
    </Image>
  </ItemGroup>
</Project>